
Microsoft Visual Studio Solution File, Format Version 12.00
# Visual Studio Version 16
VisualStudioVersion = 16.0.30804.86
MinimumVisualStudioVersion = 15.0.26124.0
Project("{2150E333-8FDC-42A3-9474-1A3956D46DE8}") = "src", "src", "{AF58222B-F617-4A5D-82E1-7A10CB2880E4}"
EndProject
Project("{2150E333-8FDC-42A3-9474-1A3956D46DE8}") = "tests", "tests", "{D1639FF4-7FF0-44FC-9FAD-DD05C86F92D9}"
EndProject
Project("{9A19103F-16F7-4668-BE54-9A1E7A4F7556}") = "Core.UnitTests", "tests\Core.UnitTests\Core.UnitTests.csproj", "{0981BB44-B5A2-4E98-AFCB-3F70BD589A78}"
EndProject
Project("{9A19103F-16F7-4668-BE54-9A1E7A4F7556}") = "Core.IntegrationTests", "tests\Core.IntegrationTests\Core.IntegrationTests.csproj", "{CEF4269C-4DF3-4242-91FD-C90199CA079E}"
EndProject
Project("{2150E333-8FDC-42A3-9474-1A3956D46DE8}") = "solution", "solution", "{3A1438DA-24DE-4908-B6CE-34822B936CA6}"
	ProjectSection(SolutionItems) = preProject
		.gitignore = .gitignore
		docker-compose.yml = docker-compose.yml
		Dockerfile = Dockerfile
		README.md = README.md
	EndProjectSection
EndProject
Project("{2150E333-8FDC-42A3-9474-1A3956D46DE8}") = "web", "web", "{69C65F7A-3074-4691-8BC4-0FE54FB106B4}"
EndProject
Project("{FAE04EC0-301F-11D3-BF4B-00C04F79EFBC}") = "Core.Web", "src\web\Core.Web\Core.Web.csproj", "{F4916DDB-8567-4440-AE6B-0D4652435A42}"
EndProject
Global
	GlobalSection(SolutionConfigurationPlatforms) = preSolution
		Debug|Any CPU = Debug|Any CPU
		Debug|x64 = Debug|x64
		Debug|x86 = Debug|x86
		Release|Any CPU = Release|Any CPU
		Release|x64 = Release|x64
		Release|x86 = Release|x86
	EndGlobalSection
	GlobalSection(ProjectConfigurationPlatforms) = postSolution
		{0981BB44-B5A2-4E98-AFCB-3F70BD589A78}.Debug|Any CPU.ActiveCfg = Debug|Any CPU
		{0981BB44-B5A2-4E98-AFCB-3F70BD589A78}.Debug|Any CPU.Build.0 = Debug|Any CPU
		{0981BB44-B5A2-4E98-AFCB-3F70BD589A78}.Debug|x64.ActiveCfg = Debug|Any CPU
		{0981BB44-B5A2-4E98-AFCB-3F70BD589A78}.Debug|x64.Build.0 = Debug|Any CPU
		{0981BB44-B5A2-4E98-AFCB-3F70BD589A78}.Debug|x86.ActiveCfg = Debug|Any CPU
		{0981BB44-B5A2-4E98-AFCB-3F70BD589A78}.Debug|x86.Build.0 = Debug|Any CPU
		{0981BB44-B5A2-4E98-AFCB-3F70BD589A78}.Release|Any CPU.ActiveCfg = Release|Any CPU
		{0981BB44-B5A2-4E98-AFCB-3F70BD589A78}.Release|Any CPU.Build.0 = Release|Any CPU
		{0981BB44-B5A2-4E98-AFCB-3F70BD589A78}.Release|x64.ActiveCfg = Release|Any CPU
		{0981BB44-B5A2-4E98-AFCB-3F70BD589A78}.Release|x64.Build.0 = Release|Any CPU
		{0981BB44-B5A2-4E98-AFCB-3F70BD589A78}.Release|x86.ActiveCfg = Release|Any CPU
		{0981BB44-B5A2-4E98-AFCB-3F70BD589A78}.Release|x86.Build.0 = Release|Any CPU
		{CEF4269C-4DF3-4242-91FD-C90199CA079E}.Debug|Any CPU.ActiveCfg = Debug|Any CPU
		{CEF4269C-4DF3-4242-91FD-C90199CA079E}.Debug|Any CPU.Build.0 = Debug|Any CPU
		{CEF4269C-4DF3-4242-91FD-C90199CA079E}.Debug|x64.ActiveCfg = Debug|Any CPU
		{CEF4269C-4DF3-4242-91FD-C90199CA079E}.Debug|x64.Build.0 = Debug|Any CPU
		{CEF4269C-4DF3-4242-91FD-C90199CA079E}.Debug|x86.ActiveCfg = Debug|Any CPU
		{CEF4269C-4DF3-4242-91FD-C90199CA079E}.Debug|x86.Build.0 = Debug|Any CPU
		{CEF4269C-4DF3-4242-91FD-C90199CA079E}.Release|Any CPU.ActiveCfg = Release|Any CPU
		{CEF4269C-4DF3-4242-91FD-C90199CA079E}.Release|Any CPU.Build.0 = Release|Any CPU
		{CEF4269C-4DF3-4242-91FD-C90199CA079E}.Release|x64.ActiveCfg = Release|Any CPU
		{CEF4269C-4DF3-4242-91FD-C90199CA079E}.Release|x64.Build.0 = Release|Any CPU
		{CEF4269C-4DF3-4242-91FD-C90199CA079E}.Release|x86.ActiveCfg = Release|Any CPU
		{CEF4269C-4DF3-4242-91FD-C90199CA079E}.Release|x86.Build.0 = Release|Any CPU
		{F4916DDB-8567-4440-AE6B-0D4652435A42}.Debug|Any CPU.ActiveCfg = Debug|Any CPU
		{F4916DDB-8567-4440-AE6B-0D4652435A42}.Debug|Any CPU.Build.0 = Debug|Any CPU
		{F4916DDB-8567-4440-AE6B-0D4652435A42}.Debug|x64.ActiveCfg = Debug|Any CPU
		{F4916DDB-8567-4440-AE6B-0D4652435A42}.Debug|x64.Build.0 = Debug|Any CPU
		{F4916DDB-8567-4440-AE6B-0D4652435A42}.Debug|x86.ActiveCfg = Debug|Any CPU
		{F4916DDB-8567-4440-AE6B-0D4652435A42}.Debug|x86.Build.0 = Debug|Any CPU
		{F4916DDB-8567-4440-AE6B-0D4652435A42}.Release|Any CPU.ActiveCfg = Release|Any CPU
		{F4916DDB-8567-4440-AE6B-0D4652435A42}.Release|Any CPU.Build.0 = Release|Any CPU
		{F4916DDB-8567-4440-AE6B-0D4652435A42}.Release|x64.ActiveCfg = Release|Any CPU
		{F4916DDB-8567-4440-AE6B-0D4652435A42}.Release|x64.Build.0 = Release|Any CPU
		{F4916DDB-8567-4440-AE6B-0D4652435A42}.Release|x86.ActiveCfg = Release|Any CPU
		{F4916DDB-8567-4440-AE6B-0D4652435A42}.Release|x86.Build.0 = Release|Any CPU
	EndGlobalSection
	GlobalSection(SolutionProperties) = preSolution
		HideSolutionNode = FALSE
	EndGlobalSection
	GlobalSection(NestedProjects) = preSolution
		{0981BB44-B5A2-4E98-AFCB-3F70BD589A78} = {D1639FF4-7FF0-44FC-9FAD-DD05C86F92D9}
		{CEF4269C-4DF3-4242-91FD-C90199CA079E} = {D1639FF4-7FF0-44FC-9FAD-DD05C86F92D9}
		{69C65F7A-3074-4691-8BC4-0FE54FB106B4} = {AF58222B-F617-4A5D-82E1-7A10CB2880E4}
		{F4916DDB-8567-4440-AE6B-0D4652435A42} = {69C65F7A-3074-4691-8BC4-0FE54FB106B4}
	EndGlobalSection
	GlobalSection(ExtensibilityGlobals) = postSolution
		SolutionGuid = {B6EBB498-7FC0-4D69-B35C-FDC43D41F79B}
	EndGlobalSection
EndGlobal
